// !$*UTF8*$!
{
	archiveVersion = 1;
	classes = {
	};
	objectVersion = 56;
	objects = {

/* Begin PBXBuildFile section */
		3261C2762AB2DBBB005FD314 /* hotchocolateApp.swift in Sources */ = {isa = PBXBuildFile; fileRef = 3261C2752AB2DBBB005FD314 /* hotchocolateApp.swift */; };
		3261C2782AB2DBBB005FD314 /* ContentView.swift in Sources */ = {isa = PBXBuildFile; fileRef = 3261C2772AB2DBBB005FD314 /* ContentView.swift */; };
		3261C27A2AB2DBBC005FD314 /* Assets.xcassets in Resources */ = {isa = PBXBuildFile; fileRef = 3261C2792AB2DBBC005FD314 /* Assets.xcassets */; };
		3261C27D2AB2DBBC005FD314 /* Preview Assets.xcassets in Resources */ = {isa = PBXBuildFile; fileRef = 3261C27C2AB2DBBC005FD314 /* Preview Assets.xcassets */; };
		3261C2852AB2DF44005FD314 /* RecordingManager.swift in Sources */ = {isa = PBXBuildFile; fileRef = 3261C2842AB2DF44005FD314 /* RecordingManager.swift */; };
		3261C2892AB2E7EF005FD314 /* OnboardingRow.swift in Sources */ = {isa = PBXBuildFile; fileRef = 3261C2882AB2E7EF005FD314 /* OnboardingRow.swift */; };
		3261C28B2AB2FB98005FD314 /* OnboardingLoopbackDiagram.swift in Sources */ = {isa = PBXBuildFile; fileRef = 3261C28A2AB2FB98005FD314 /* OnboardingLoopbackDiagram.swift */; };
		3261C28D2AB30017005FD314 /* PresentationView.swift in Sources */ = {isa = PBXBuildFile; fileRef = 3261C28C2AB30017005FD314 /* PresentationView.swift */; };
		3261C28F2AB3031C005FD314 /* CapturePreview.swift in Sources */ = {isa = PBXBuildFile; fileRef = 3261C28E2AB3031C005FD314 /* CapturePreview.swift */; };
		3261C2912AB30A5F005FD314 /* OnboardingView.swift in Sources */ = {isa = PBXBuildFile; fileRef = 3261C2902AB30A5F005FD314 /* OnboardingView.swift */; };
		3261C2962AB3151E005FD314 /* PresentationState.swift in Sources */ = {isa = PBXBuildFile; fileRef = 3261C2952AB3151E005FD314 /* PresentationState.swift */; };
		3261C2992AB31584005FD314 /* CaptureDevice.swift in Sources */ = {isa = PBXBuildFile; fileRef = 3261C2982AB31584005FD314 /* CaptureDevice.swift */; };
		3261C29B2AB3171A005FD314 /* RecordingSessionView.swift in Sources */ = {isa = PBXBuildFile; fileRef = 3261C29A2AB3171A005FD314 /* RecordingSessionView.swift */; };
/* End PBXBuildFile section */

/* Begin PBXFileReference section */
		3261C2722AB2DBBB005FD314 /* hotchocolate.app */ = {isa = PBXFileReference; explicitFileType = wrapper.application; includeInIndex = 0; path = hotchocolate.app; sourceTree = BUILT_PRODUCTS_DIR; };
		3261C2752AB2DBBB005FD314 /* hotchocolateApp.swift */ = {isa = PBXFileReference; lastKnownFileType = sourcecode.swift; path = hotchocolateApp.swift; sourceTree = "<group>"; };
		3261C2772AB2DBBB005FD314 /* ContentView.swift */ = {isa = PBXFileReference; lastKnownFileType = sourcecode.swift; path = ContentView.swift; sourceTree = "<group>"; };
		3261C2792AB2DBBC005FD314 /* Assets.xcassets */ = {isa = PBXFileReference; lastKnownFileType = folder.assetcatalog; path = Assets.xcassets; sourceTree = "<group>"; };
		3261C27C2AB2DBBC005FD314 /* Preview Assets.xcassets */ = {isa = PBXFileReference; lastKnownFileType = folder.assetcatalog; path = "Preview Assets.xcassets"; sourceTree = "<group>"; };
		3261C27E2AB2DBBC005FD314 /* hotchocolate.entitlements */ = {isa = PBXFileReference; lastKnownFileType = text.plist.entitlements; path = hotchocolate.entitlements; sourceTree = "<group>"; };
		3261C2842AB2DF44005FD314 /* RecordingManager.swift */ = {isa = PBXFileReference; lastKnownFileType = sourcecode.swift; path = RecordingManager.swift; sourceTree = "<group>"; };
		3261C2882AB2E7EF005FD314 /* OnboardingRow.swift */ = {isa = PBXFileReference; lastKnownFileType = sourcecode.swift; path = OnboardingRow.swift; sourceTree = "<group>"; };
		3261C28A2AB2FB98005FD314 /* OnboardingLoopbackDiagram.swift */ = {isa = PBXFileReference; lastKnownFileType = sourcecode.swift; path = OnboardingLoopbackDiagram.swift; sourceTree = "<group>"; };
		3261C28C2AB30017005FD314 /* PresentationView.swift */ = {isa = PBXFileReference; lastKnownFileType = sourcecode.swift; path = PresentationView.swift; sourceTree = "<group>"; };
		3261C28E2AB3031C005FD314 /* CapturePreview.swift */ = {isa = PBXFileReference; lastKnownFileType = sourcecode.swift; path = CapturePreview.swift; sourceTree = "<group>"; };
		3261C2902AB30A5F005FD314 /* OnboardingView.swift */ = {isa = PBXFileReference; lastKnownFileType = sourcecode.swift; path = OnboardingView.swift; sourceTree = "<group>"; };
		3261C2952AB3151E005FD314 /* PresentationState.swift */ = {isa = PBXFileReference; lastKnownFileType = sourcecode.swift; path = PresentationState.swift; sourceTree = "<group>"; };
		3261C2982AB31584005FD314 /* CaptureDevice.swift */ = {isa = PBXFileReference; lastKnownFileType = sourcecode.swift; path = CaptureDevice.swift; sourceTree = "<group>"; };
		3261C29A2AB3171A005FD314 /* RecordingSessionView.swift */ = {isa = PBXFileReference; lastKnownFileType = sourcecode.swift; path = RecordingSessionView.swift; sourceTree = "<group>"; };
/* End PBXFileReference section */

/* Begin PBXFrameworksBuildPhase section */
		3261C26F2AB2DBBB005FD314 /* Frameworks */ = {
			isa = PBXFrameworksBuildPhase;
			buildActionMask = 2147483647;
			files = (
			);
			runOnlyForDeploymentPostprocessing = 0;
		};
/* End PBXFrameworksBuildPhase section */

/* Begin PBXGroup section */
		3261C2692AB2DBBB005FD314 = {
			isa = PBXGroup;
			children = (
				3261C2742AB2DBBB005FD314 /* hotchocolate */,
				3261C2732AB2DBBB005FD314 /* Products */,
			);
			sourceTree = "<group>";
		};
		3261C2732AB2DBBB005FD314 /* Products */ = {
			isa = PBXGroup;
			children = (
				3261C2722AB2DBBB005FD314 /* hotchocolate.app */,
			);
			name = Products;
			sourceTree = "<group>";
		};
		3261C2742AB2DBBB005FD314 /* hotchocolate */ = {
			isa = PBXGroup;
			children = (
				3261C2752AB2DBBB005FD314 /* hotchocolateApp.swift */,
				3261C2922AB314FC005FD314 /* Views */,
				3261C2972AB31528005FD314 /* Models */,
				3261C2842AB2DF44005FD314 /* RecordingManager.swift */,
				3261C2792AB2DBBC005FD314 /* Assets.xcassets */,
				3261C27E2AB2DBBC005FD314 /* hotchocolate.entitlements */,
				3261C27B2AB2DBBC005FD314 /* Preview Content */,
			);
			path = hotchocolate;
			sourceTree = "<group>";
		};
		3261C27B2AB2DBBC005FD314 /* Preview Content */ = {
			isa = PBXGroup;
			children = (
				3261C27C2AB2DBBC005FD314 /* Preview Assets.xcassets */,
			);
			path = "Preview Content";
			sourceTree = "<group>";
		};
		3261C2922AB314FC005FD314 /* Views */ = {
			isa = PBXGroup;
			children = (
				3261C2772AB2DBBB005FD314 /* ContentView.swift */,
				3261C29A2AB3171A005FD314 /* RecordingSessionView.swift */,
				3261C2932AB31505005FD314 /* Set Up */,
				3261C2942AB3150F005FD314 /* Presentation */,
			);
			path = Views;
			sourceTree = "<group>";
		};
		3261C2932AB31505005FD314 /* Set Up */ = {
			isa = PBXGroup;
			children = (
				3261C2902AB30A5F005FD314 /* OnboardingView.swift */,
				3261C28A2AB2FB98005FD314 /* OnboardingLoopbackDiagram.swift */,
				3261C2882AB2E7EF005FD314 /* OnboardingRow.swift */,
			);
			path = "Set Up";
			sourceTree = "<group>";
		};
		3261C2942AB3150F005FD314 /* Presentation */ = {
			isa = PBXGroup;
			children = (
				3261C28E2AB3031C005FD314 /* CapturePreview.swift */,
				3261C28C2AB30017005FD314 /* PresentationView.swift */,
			);
			path = Presentation;
			sourceTree = "<group>";
		};
		3261C2972AB31528005FD314 /* Models */ = {
			isa = PBXGroup;
			children = (
				3261C2952AB3151E005FD314 /* PresentationState.swift */,
				3261C2982AB31584005FD314 /* CaptureDevice.swift */,
			);
			path = Models;
			sourceTree = "<group>";
		};
/* End PBXGroup section */

/* Begin PBXNativeTarget section */
		3261C2712AB2DBBB005FD314 /* hotchocolate */ = {
			isa = PBXNativeTarget;
			buildConfigurationList = 3261C2812AB2DBBC005FD314 /* Build configuration list for PBXNativeTarget "hotchocolate" */;
			buildPhases = (
				3261C26E2AB2DBBB005FD314 /* Sources */,
				3261C26F2AB2DBBB005FD314 /* Frameworks */,
				3261C2702AB2DBBB005FD314 /* Resources */,
			);
			buildRules = (
			);
			dependencies = (
			);
			name = hotchocolate;
			productName = hotchocolate;
			productReference = 3261C2722AB2DBBB005FD314 /* hotchocolate.app */;
			productType = "com.apple.product-type.application";
		};
/* End PBXNativeTarget section */

/* Begin PBXProject section */
		3261C26A2AB2DBBB005FD314 /* Project object */ = {
			isa = PBXProject;
			attributes = {
				BuildIndependentTargetsInParallel = 1;
				LastSwiftUpdateCheck = 1500;
				LastUpgradeCheck = 1500;
				TargetAttributes = {
					3261C2712AB2DBBB005FD314 = {
						CreatedOnToolsVersion = 15.0;
					};
				};
			};
			buildConfigurationList = 3261C26D2AB2DBBB005FD314 /* Build configuration list for PBXProject "hotchocolate" */;
			compatibilityVersion = "Xcode 14.0";
			developmentRegion = en;
			hasScannedForEncodings = 0;
			knownRegions = (
				en,
				Base,
			);
			mainGroup = 3261C2692AB2DBBB005FD314;
			productRefGroup = 3261C2732AB2DBBB005FD314 /* Products */;
			projectDirPath = "";
			projectRoot = "";
			targets = (
				3261C2712AB2DBBB005FD314 /* hotchocolate */,
			);
		};
/* End PBXProject section */

/* Begin PBXResourcesBuildPhase section */
		3261C2702AB2DBBB005FD314 /* Resources */ = {
			isa = PBXResourcesBuildPhase;
			buildActionMask = 2147483647;
			files = (
				3261C27D2AB2DBBC005FD314 /* Preview Assets.xcassets in Resources */,
				3261C27A2AB2DBBC005FD314 /* Assets.xcassets in Resources */,
			);
			runOnlyForDeploymentPostprocessing = 0;
		};
/* End PBXResourcesBuildPhase section */

/* Begin PBXSourcesBuildPhase section */
		3261C26E2AB2DBBB005FD314 /* Sources */ = {
			isa = PBXSourcesBuildPhase;
			buildActionMask = 2147483647;
			files = (
				3261C2782AB2DBBB005FD314 /* ContentView.swift in Sources */,
				3261C2892AB2E7EF005FD314 /* OnboardingRow.swift in Sources */,
				3261C2992AB31584005FD314 /* CaptureDevice.swift in Sources */,
				3261C28F2AB3031C005FD314 /* CapturePreview.swift in Sources */,
				3261C28D2AB30017005FD314 /* PresentationView.swift in Sources */,
				3261C29B2AB3171A005FD314 /* RecordingSessionView.swift in Sources */,
				3261C2962AB3151E005FD314 /* PresentationState.swift in Sources */,
				3261C2852AB2DF44005FD314 /* RecordingManager.swift in Sources */,
				3261C2912AB30A5F005FD314 /* OnboardingView.swift in Sources */,
				3261C2762AB2DBBB005FD314 /* hotchocolateApp.swift in Sources */,
				3261C28B2AB2FB98005FD314 /* OnboardingLoopbackDiagram.swift in Sources */,
			);
			runOnlyForDeploymentPostprocessing = 0;
		};
/* End PBXSourcesBuildPhase section */

/* Begin XCBuildConfiguration section */
		3261C27F2AB2DBBC005FD314 /* Debug */ = {
			isa = XCBuildConfiguration;
			buildSettings = {
				ALWAYS_SEARCH_USER_PATHS = NO;
				ASSETCATALOG_COMPILER_GENERATE_SWIFT_ASSET_SYMBOL_EXTENSIONS = YES;
				CLANG_ANALYZER_NONNULL = YES;
				CLANG_ANALYZER_NUMBER_OBJECT_CONVERSION = YES_AGGRESSIVE;
				CLANG_CXX_LANGUAGE_STANDARD = "gnu++20";
				CLANG_ENABLE_MODULES = YES;
				CLANG_ENABLE_OBJC_ARC = YES;
				CLANG_ENABLE_OBJC_WEAK = YES;
				CLANG_WARN_BLOCK_CAPTURE_AUTORELEASING = YES;
				CLANG_WARN_BOOL_CONVERSION = YES;
				CLANG_WARN_COMMA = YES;
				CLANG_WARN_CONSTANT_CONVERSION = YES;
				CLANG_WARN_DEPRECATED_OBJC_IMPLEMENTATIONS = YES;
				CLANG_WARN_DIRECT_OBJC_ISA_USAGE = YES_ERROR;
				CLANG_WARN_DOCUMENTATION_COMMENTS = YES;
				CLANG_WARN_EMPTY_BODY = YES;
				CLANG_WARN_ENUM_CONVERSION = YES;
				CLANG_WARN_INFINITE_RECURSION = YES;
				CLANG_WARN_INT_CONVERSION = YES;
				CLANG_WARN_NON_LITERAL_NULL_CONVERSION = YES;
				CLANG_WARN_OBJC_IMPLICIT_RETAIN_SELF = YES;
				CLANG_WARN_OBJC_LITERAL_CONVERSION = YES;
				CLANG_WARN_OBJC_ROOT_CLASS = YES_ERROR;
				CLANG_WARN_QUOTED_INCLUDE_IN_FRAMEWORK_HEADER = YES;
				CLANG_WARN_RANGE_LOOP_ANALYSIS = YES;
				CLANG_WARN_STRICT_PROTOTYPES = YES;
				CLANG_WARN_SUSPICIOUS_MOVE = YES;
				CLANG_WARN_UNGUARDED_AVAILABILITY = YES_AGGRESSIVE;
				CLANG_WARN_UNREACHABLE_CODE = YES;
				CLANG_WARN__DUPLICATE_METHOD_MATCH = YES;
				COPY_PHASE_STRIP = NO;
				DEBUG_INFORMATION_FORMAT = dwarf;
				ENABLE_STRICT_OBJC_MSGSEND = YES;
				ENABLE_TESTABILITY = YES;
				ENABLE_USER_SCRIPT_SANDBOXING = YES;
				GCC_C_LANGUAGE_STANDARD = gnu17;
				GCC_DYNAMIC_NO_PIC = NO;
				GCC_NO_COMMON_BLOCKS = YES;
				GCC_OPTIMIZATION_LEVEL = 0;
				GCC_PREPROCESSOR_DEFINITIONS = (
					"DEBUG=1",
					"$(inherited)",
				);
				GCC_WARN_64_TO_32_BIT_CONVERSION = YES;
				GCC_WARN_ABOUT_RETURN_TYPE = YES_ERROR;
				GCC_WARN_UNDECLARED_SELECTOR = YES;
				GCC_WARN_UNINITIALIZED_AUTOS = YES_AGGRESSIVE;
				GCC_WARN_UNUSED_FUNCTION = YES;
				GCC_WARN_UNUSED_VARIABLE = YES;
				LOCALIZATION_PREFERS_STRING_CATALOGS = YES;
				MACOSX_DEPLOYMENT_TARGET = 14.0;
				MTL_ENABLE_DEBUG_INFO = INCLUDE_SOURCE;
				MTL_FAST_MATH = YES;
				ONLY_ACTIVE_ARCH = YES;
				SDKROOT = macosx;
				SWIFT_ACTIVE_COMPILATION_CONDITIONS = "DEBUG $(inherited)";
				SWIFT_OPTIMIZATION_LEVEL = "-Onone";
			};
			name = Debug;
		};
		3261C2802AB2DBBC005FD314 /* Release */ = {
			isa = XCBuildConfiguration;
			buildSettings = {
				ALWAYS_SEARCH_USER_PATHS = NO;
				ASSETCATALOG_COMPILER_GENERATE_SWIFT_ASSET_SYMBOL_EXTENSIONS = YES;
				CLANG_ANALYZER_NONNULL = YES;
				CLANG_ANALYZER_NUMBER_OBJECT_CONVERSION = YES_AGGRESSIVE;
				CLANG_CXX_LANGUAGE_STANDARD = "gnu++20";
				CLANG_ENABLE_MODULES = YES;
				CLANG_ENABLE_OBJC_ARC = YES;
				CLANG_ENABLE_OBJC_WEAK = YES;
				CLANG_WARN_BLOCK_CAPTURE_AUTORELEASING = YES;
				CLANG_WARN_BOOL_CONVERSION = YES;
				CLANG_WARN_COMMA = YES;
				CLANG_WARN_CONSTANT_CONVERSION = YES;
				CLANG_WARN_DEPRECATED_OBJC_IMPLEMENTATIONS = YES;
				CLANG_WARN_DIRECT_OBJC_ISA_USAGE = YES_ERROR;
				CLANG_WARN_DOCUMENTATION_COMMENTS = YES;
				CLANG_WARN_EMPTY_BODY = YES;
				CLANG_WARN_ENUM_CONVERSION = YES;
				CLANG_WARN_INFINITE_RECURSION = YES;
				CLANG_WARN_INT_CONVERSION = YES;
				CLANG_WARN_NON_LITERAL_NULL_CONVERSION = YES;
				CLANG_WARN_OBJC_IMPLICIT_RETAIN_SELF = YES;
				CLANG_WARN_OBJC_LITERAL_CONVERSION = YES;
				CLANG_WARN_OBJC_ROOT_CLASS = YES_ERROR;
				CLANG_WARN_QUOTED_INCLUDE_IN_FRAMEWORK_HEADER = YES;
				CLANG_WARN_RANGE_LOOP_ANALYSIS = YES;
				CLANG_WARN_STRICT_PROTOTYPES = YES;
				CLANG_WARN_SUSPICIOUS_MOVE = YES;
				CLANG_WARN_UNGUARDED_AVAILABILITY = YES_AGGRESSIVE;
				CLANG_WARN_UNREACHABLE_CODE = YES;
				CLANG_WARN__DUPLICATE_METHOD_MATCH = YES;
				COPY_PHASE_STRIP = NO;
				DEBUG_INFORMATION_FORMAT = "dwarf-with-dsym";
				ENABLE_NS_ASSERTIONS = NO;
				ENABLE_STRICT_OBJC_MSGSEND = YES;
				ENABLE_USER_SCRIPT_SANDBOXING = YES;
				GCC_C_LANGUAGE_STANDARD = gnu17;
				GCC_NO_COMMON_BLOCKS = YES;
				GCC_WARN_64_TO_32_BIT_CONVERSION = YES;
				GCC_WARN_ABOUT_RETURN_TYPE = YES_ERROR;
				GCC_WARN_UNDECLARED_SELECTOR = YES;
				GCC_WARN_UNINITIALIZED_AUTOS = YES_AGGRESSIVE;
				GCC_WARN_UNUSED_FUNCTION = YES;
				GCC_WARN_UNUSED_VARIABLE = YES;
				LOCALIZATION_PREFERS_STRING_CATALOGS = YES;
				MACOSX_DEPLOYMENT_TARGET = 14.0;
				MTL_ENABLE_DEBUG_INFO = NO;
				MTL_FAST_MATH = YES;
				SDKROOT = macosx;
				SWIFT_COMPILATION_MODE = wholemodule;
			};
			name = Release;
		};
		3261C2822AB2DBBC005FD314 /* Debug */ = {
			isa = XCBuildConfiguration;
			buildSettings = {
				ASSETCATALOG_COMPILER_APPICON_NAME = AppIcon;
				ASSETCATALOG_COMPILER_GLOBAL_ACCENT_COLOR_NAME = AccentColor;
				CODE_SIGN_ENTITLEMENTS = hotchocolate/hotchocolate.entitlements;
				CODE_SIGN_STYLE = Automatic;
				COMBINE_HIDPI_IMAGES = YES;
				CURRENT_PROJECT_VERSION = 1;
				DEVELOPMENT_ASSET_PATHS = "\"hotchocolate/Preview Content\"";
				DEVELOPMENT_TEAM = 9W63WN9LG4;
				ENABLE_HARDENED_RUNTIME = YES;
				ENABLE_PREVIEWS = YES;
				GENERATE_INFOPLIST_FILE = YES;
				INFOPLIST_KEY_NSCameraUsageDescription = "Connect to Capture Card";
				INFOPLIST_KEY_NSHumanReadableCopyright = "";
				INFOPLIST_KEY_NSMicrophoneUsageDescription = "Connect to Microphone";
				LD_RUNPATH_SEARCH_PATHS = (
					"$(inherited)",
					"@executable_path/../Frameworks",
				);
				MACOSX_DEPLOYMENT_TARGET = 13.0;
				MARKETING_VERSION = 1.0;
				PRODUCT_BUNDLE_IDENTIFIER = app.jiachen.hotchocolate;
				PRODUCT_NAME = "$(TARGET_NAME)";
				SWIFT_EMIT_LOC_STRINGS = YES;
				SWIFT_VERSION = 5.0;
			};
			name = Debug;
		};
		3261C2832AB2DBBC005FD314 /* Release */ = {
			isa = XCBuildConfiguration;
			buildSettings = {
				ASSETCATALOG_COMPILER_APPICON_NAME = AppIcon;
				ASSETCATALOG_COMPILER_GLOBAL_ACCENT_COLOR_NAME = AccentColor;
				CODE_SIGN_ENTITLEMENTS = hotchocolate/hotchocolate.entitlements;
				CODE_SIGN_STYLE = Automatic;
				COMBINE_HIDPI_IMAGES = YES;
				CURRENT_PROJECT_VERSION = 1;
				DEVELOPMENT_ASSET_PATHS = "\"hotchocolate/Preview Content\"";
				DEVELOPMENT_TEAM = 9W63WN9LG4;
				ENABLE_HARDENED_RUNTIME = YES;
				ENABLE_PREVIEWS = YES;
				GENERATE_INFOPLIST_FILE = YES;
				INFOPLIST_KEY_NSCameraUsageDescription = "Connect to Capture Card";
				INFOPLIST_KEY_NSHumanReadableCopyright = "";
				INFOPLIST_KEY_NSMicrophoneUsageDescription = "Connect to Microphone";
				LD_RUNPATH_SEARCH_PATHS = (
					"$(inherited)",
					"@executable_path/../Frameworks",
				);
				MACOSX_DEPLOYMENT_TARGET = 13.0;
				MARKETING_VERSION = 1.0;
				PRODUCT_BUNDLE_IDENTIFIER = app.jiachen.hotchocolate;
				PRODUCT_NAME = "$(TARGET_NAME)";
				SWIFT_EMIT_LOC_STRINGS = YES;
				SWIFT_VERSION = 5.0;
			};
			name = Release;
		};
/* End XCBuildConfiguration section */

/* Begin XCConfigurationList section */
		3261C26D2AB2DBBB005FD314 /* Build configuration list for PBXProject "hotchocolate" */ = {
			isa = XCConfigurationList;
			buildConfigurations = (
				3261C27F2AB2DBBC005FD314 /* Debug */,
				3261C2802AB2DBBC005FD314 /* Release */,
			);
			defaultConfigurationIsVisible = 0;
			defaultConfigurationName = Release;
		};
		3261C2812AB2DBBC005FD314 /* Build configuration list for PBXNativeTarget "hotchocolate" */ = {
			isa = XCConfigurationList;
			buildConfigurations = (
				3261C2822AB2DBBC005FD314 /* Debug */,
				3261C2832AB2DBBC005FD314 /* Release */,
			);
			defaultConfigurationIsVisible = 0;
			defaultConfigurationName = Release;
		};
/* End XCConfigurationList section */
	};
	rootObject = 3261C26A2AB2DBBB005FD314 /* Project object */;
}
